PODS:
  - Adjust (5.4.6):
    - Adjust/Adjust (= 5.4.6)
  - Adjust/Adjust (5.4.6):
    - AdjustSignature (= 3.61.0)
  - adjust_sdk (5.4.5):
    - Adjust (= 5.4.6)
    - Flutter
  - AdjustSignature (3.61.0)
  - applovin_max (4.5.2):
    - AppLovinSDK (= 13.4.0)
    - Flutter
  - AppLovinSDK (13.4.0)
  - audioplayers_darwin (0.0.1):
    - Flutter
    - FlutterMacOS
  - Flutter (1.0.0)
  - flutter_ad_ios_plugins (0.0.1):
    - Flutter
  - flutter_app_lifecycle (0.0.1):
    - Flutter
  - flutter_check_adjust (0.0.1):
    - Flutter
  - flutter_tba_info (0.0.1):
    - Flutter
  - fluttertoast (0.0.2):
    - Flutter
  - hiss_aaa (0.0.1):
    - Flutter
  - hiss_bbb (0.0.1):
    - Flutter
  - hiss_root (0.0.1):
    - Flutter
  - path_provider_foundation (0.0.1):
    - Flutter
    - FlutterMacOS
  - sqflite (0.0.3):
    - Flutter
    - FlutterMacOS
  - url_launcher_ios (0.0.1):
    - Flutter
  - webview_flutter_wkwebview (0.0.1):
    - Flutter
    - FlutterMacOS

DEPENDENCIES:
  - adjust_sdk (from `.symlinks/plugins/adjust_sdk/ios`)
  - applovin_max (from `.symlinks/plugins/applovin_max/ios`)
  - audioplayers_darwin (from `.symlinks/plugins/audioplayers_darwin/darwin`)
  - Flutter (from `Flutter`)
  - flutter_ad_ios_plugins (from `.symlinks/plugins/flutter_ad_ios_plugins/ios`)
  - flutter_app_lifecycle (from `.symlinks/plugins/flutter_app_lifecycle/ios`)
  - flutter_check_adjust (from `.symlinks/plugins/flutter_check_adjust/ios`)
  - flutter_tba_info (from `.symlinks/plugins/flutter_tba_info/ios`)
  - fluttertoast (from `.symlinks/plugins/fluttertoast/ios`)
  - hiss_aaa (from `.symlinks/plugins/hiss_aaa/ios`)
  - hiss_bbb (from `.symlinks/plugins/hiss_bbb/ios`)
  - hiss_root (from `.symlinks/plugins/hiss_root/ios`)
  - path_provider_foundation (from `.symlinks/plugins/path_provider_foundation/darwin`)
  - sqflite (from `.symlinks/plugins/sqflite/darwin`)
  - url_launcher_ios (from `.symlinks/plugins/url_launcher_ios/ios`)
  - webview_flutter_wkwebview (from `.symlinks/plugins/webview_flutter_wkwebview/darwin`)

SPEC REPOS:
  trunk:
    - Adjust
    - AdjustSignature
    - AppLovinSDK

EXTERNAL SOURCES:
  adjust_sdk:
    :path: ".symlinks/plugins/adjust_sdk/ios"
  applovin_max:
    :path: ".symlinks/plugins/applovin_max/ios"
  audioplayers_darwin:
    :path: ".symlinks/plugins/audioplayers_darwin/darwin"
  Flutter:
    :path: Flutter
  flutter_ad_ios_plugins:
    :path: ".symlinks/plugins/flutter_ad_ios_plugins/ios"
  flutter_app_lifecycle:
    :path: ".symlinks/plugins/flutter_app_lifecycle/ios"
  flutter_check_adjust:
    :path: ".symlinks/plugins/flutter_check_adjust/ios"
  flutter_tba_info:
    :path: ".symlinks/plugins/flutter_tba_info/ios"
  fluttertoast:
    :path: ".symlinks/plugins/fluttertoast/ios"
  hiss_aaa:
    :path: ".symlinks/plugins/hiss_aaa/ios"
  hiss_bbb:
    :path: ".symlinks/plugins/hiss_bbb/ios"
  hiss_root:
    :path: ".symlinks/plugins/hiss_root/ios"
  path_provider_foundation:
    :path: ".symlinks/plugins/path_provider_foundation/darwin"
  sqflite:
    :path: ".symlinks/plugins/sqflite/darwin"
  url_launcher_ios:
    :path: ".symlinks/plugins/url_launcher_ios/ios"
  webview_flutter_wkwebview:
    :path: ".symlinks/plugins/webview_flutter_wkwebview/darwin"

SPEC CHECKSUMS:
  Adjust: 293c828a88a2c280471797edb3e895c80652a786
  adjust_sdk: c4a49624e0afc86cb438579624689e35024dcee1
  AdjustSignature: 94b6b7f7150edbbebc4320eeaddaac881f6e8e2d
  applovin_max: 83a9a6aa424f8ce69b52b3440fe5a6399879f3d9
  AppLovinSDK: 33fcc783889e2d522ae26886b31e5551246a5b2f
  audioplayers_darwin: 4f9ca89d92d3d21cec7ec580e78ca888e5fb68bd
  Flutter: cabc95a1d2626b1b06e7179b784ebcf0c0cde467
  flutter_ad_ios_plugins: 39f145153e9fe06753e9b28fb7b43925ae399a71
  flutter_app_lifecycle: 96f63b433a79e643add0fd0a58eabf1a0877e176
  flutter_check_adjust: adc82fd582b560941650bac5619ace8a6ebc890a
  flutter_tba_info: fce89f2ce0bf3af177f0c88e99b153260bc6a7df
  fluttertoast: 2c67e14dce98bbdb200df9e1acf610d7a6264ea1
  hiss_aaa: 58854e72e620fbbe4804e7dac2d2a3356a22e924
  hiss_bbb: 042f0e13cccbf6547180892f90ae0341cb1b30a3
  hiss_root: 64d08ac86524724921a7bb14f8e7b86ebe6ef261
  path_provider_foundation: bb55f6dbba17d0dccd6737fe6f7f34fbd0376880
  sqflite: c35dad70033b8862124f8337cc994a809fcd9fa3
  url_launcher_ios: 7a95fa5b60cc718a708b8f2966718e93db0cef1b
  webview_flutter_wkwebview: 8ebf4fded22593026f7dbff1fbff31ea98573c8d

PODFILE CHECKSUM: 53a6aebc29ccee84c41f92f409fc20cd4ca011f1

COCOAPODS: 1.16.2
